// !$*UTF8*$!
{
	archiveVersion = 1;
	classes = {
	};
	objectVersion = 46;
	objects = {

/* Begin PBXBuildFile section */
		9672170BB02933F078164871 /* libPods-PYControllers.a in Frameworks */ = {isa = PBXBuildFile; fileRef = 0E3F4DE899CC8D34CDB24C8E /* libPods-PYControllers.a */; };
		A8ABE9068AEEF6FB3C1C575C /* libPods-PYControllersTest.a in Frameworks */ = {isa = PBXBuildFile; fileRef = 734A17A8538AA118D7F35B4B /* libPods-PYControllersTest.a */; };
		E66A097F1EB210920065E286 /* PYControllersTest.m in Sources */ = {isa = PBXBuildFile; fileRef = E66A097E1EB210920065E286 /* PYControllersTest.m */; };
		E66A09811EB210920065E286 /* libPYControllers.a in Frameworks */ = {isa = PBXBuildFile; fileRef = E6E8B8A31A77EE3F00FDF235 /* libPYControllers.a */; };
		E6E8B8CE1A77F55700FDF235 /* PYHUDView.m in Sources */ = {isa = PBXBuildFile; fileRef = E6E8B8BF1A77F55700FDF235 /* PYHUDView.m */; };
		E6E8B8CF1A77F55700FDF235 /* PYHUDView+Singleton.m in Sources */ = {isa = PBXBuildFile; fileRef = E6E8B8C11A77F55700FDF235 /* PYHUDView+Singleton.m */; };
		E6E8B8D01A77F55700FDF235 /* PYInnerShadowLayer.m in Sources */ = {isa = PBXBuildFile; fileRef = E6E8B8C31A77F55700FDF235 /* PYInnerShadowLayer.m */; };
		E6E8B8D11A77F55700FDF235 /* PYLayer.m in Sources */ = {isa = PBXBuildFile; fileRef = E6E8B8C51A77F55700FDF235 /* PYLayer.m */; };
		E6E8B8D21A77F55700FDF235 /* PYResponderGestureRecognizer.m in Sources */ = {isa = PBXBuildFile; fileRef = E6E8B8C71A77F55700FDF235 /* PYResponderGestureRecognizer.m */; };
		E6E8B8D31A77F55700FDF235 /* PYResponderView.m in Sources */ = {isa = PBXBuildFile; fileRef = E6E8B8C91A77F55700FDF235 /* PYResponderView.m */; };
		E6E8B8D41A77F55700FDF235 /* PYStaticLayer.m in Sources */ = {isa = PBXBuildFile; fileRef = E6E8B8CB1A77F55700FDF235 /* PYStaticLayer.m */; };
		E6E8B8D51A77F55700FDF235 /* PYView.m in Sources */ = {isa = PBXBuildFile; fileRef = E6E8B8CD1A77F55700FDF235 /* PYView.m */; };
		E6E8B93B1A78089E00FDF235 /* PYLabel.m in Sources */ = {isa = PBXBuildFile; fileRef = E6E8B9381A78089E00FDF235 /* PYLabel.m */; };
		E6E8B93C1A78089E00FDF235 /* PYLabelLayer.m in Sources */ = {isa = PBXBuildFile; fileRef = E6E8B93A1A78089E00FDF235 /* PYLabelLayer.m */; };
		E6E8B9A81A78196200FDF235 /* PYButton.m in Sources */ = {isa = PBXBuildFile; fileRef = E6E8B9A71A78196200FDF235 /* PYButton.m */; };
/* End PBXBuildFile section */

/* Begin PBXContainerItemProxy section */
		E66A09821EB210920065E286 /* PBXContainerItemProxy */ = {
			isa = PBXContainerItemProxy;
			containerPortal = E6E8B89B1A77EE3F00FDF235 /* Project object */;
			proxyType = 1;
			remoteGlobalIDString = E6E8B8A21A77EE3F00FDF235;
			remoteInfo = PYControllers;
		};
/* End PBXContainerItemProxy section */

/* Begin PBXCopyFilesBuildPhase section */
		E6E8B8A11A77EE3F00FDF235 /* CopyFiles */ = {
			isa = PBXCopyFilesBuildPhase;
			buildActionMask = 2147483647;
			dstPath = "include/$(PRODUCT_NAME)";
			dstSubfolderSpec = 16;
			files = (
			);
			runOnlyForDeploymentPostprocessing = 0;
		};
/* End PBXCopyFilesBuildPhase section */

/* Begin PBXFileReference section */
		0E3F4DE899CC8D34CDB24C8E /* libPods-PYControllers.a */ = {isa = PBXFileReference; explicitFileType = archive.ar; includeInIndex = 0; path = "libPods-PYControllers.a"; sourceTree = BUILT_PRODUCTS_DIR; };
		282515C10C206B9CE3F15F7B /* Pods-PYControllers.release.xcconfig */ = {isa = PBXFileReference; includeInIndex = 1; lastKnownFileType = text.xcconfig; name = "Pods-PYControllers.release.xcconfig"; path = "Pods/Target Support Files/Pods-PYControllers/Pods-PYControllers.release.xcconfig"; sourceTree = "<group>"; };
		4B2938B793E4CE1C64ACEBD0 /* Pods-PYControllers.debug.xcconfig */ = {isa = PBXFileReference; includeInIndex = 1; lastKnownFileType = text.xcconfig; name = "Pods-PYControllers.debug.xcconfig"; path = "Pods/Target Support Files/Pods-PYControllers/Pods-PYControllers.debug.xcconfig"; sourceTree = "<group>"; };
		734A17A8538AA118D7F35B4B /* libPods-PYControllersTest.a */ = {isa = PBXFileReference; explicitFileType = archive.ar; includeInIndex = 0; path = "libPods-PYControllersTest.a"; sourceTree = BUILT_PRODUCTS_DIR; };
		C525B5302278D8FCEB10CDA5 /* Pods-PYControllersTest.release.xcconfig */ = {isa = PBXFileReference; includeInIndex = 1; lastKnownFileType = text.xcconfig; name = "Pods-PYControllersTest.release.xcconfig"; path = "Pods/Target Support Files/Pods-PYControllersTest/Pods-PYControllersTest.release.xcconfig"; sourceTree = "<group>"; };
		E66A097C1EB210920065E286 /* PYControllersTest.xctest */ = {isa = PBXFileReference; explicitFileType = wrapper.cfbundle; includeInIndex = 0; path = PYControllersTest.xctest; sourceTree = BUILT_PRODUCTS_DIR; };
		E66A097E1EB210920065E286 /* PYControllersTest.m */ = {isa = PBXFileReference; lastKnownFileType = sourcecode.c.objc; path = PYControllersTest.m; sourceTree = "<group>"; };
		E66A09801EB210920065E286 /* Info.plist */ = {isa = PBXFileReference; lastKnownFileType = text.plist.xml; path = Info.plist; sourceTree = "<group>"; };
		E6E8B8A31A77EE3F00FDF235 /* libPYControllers.a */ = {isa = PBXFileReference; explicitFileType = archive.ar; includeInIndex = 0; path = libPYControllers.a; sourceTree = BUILT_PRODUCTS_DIR; };
		E6E8B8BD1A77F55700FDF235 /* PYControllers.h */ = {isa = PBXFileReference; fileEncoding = 4; lastKnownFileType = sourcecode.c.h; path = PYControllers.h; sourceTree = "<group>"; };
		E6E8B8BE1A77F55700FDF235 /* PYHUDView.h */ = {isa = PBXFileReference; fileEncoding = 4; lastKnownFileType = sourcecode.c.h; path = PYHUDView.h; sourceTree = "<group>"; };
		E6E8B8BF1A77F55700FDF235 /* PYHUDView.m */ = {isa = PBXFileReference; fileEncoding = 4; lastKnownFileType = sourcecode.c.objc; path = PYHUDView.m; sourceTree = "<group>"; };
		E6E8B8C01A77F55700FDF235 /* PYHUDView+Singleton.h */ = {isa = PBXFileReference; fileEncoding = 4; lastKnownFileType = sourcecode.c.h; path = "PYHUDView+Singleton.h"; sourceTree = "<group>"; };
		E6E8B8C11A77F55700FDF235 /* PYHUDView+Singleton.m */ = {isa = PBXFileReference; fileEncoding = 4; lastKnownFileType = sourcecode.c.objc; path = "PYHUDView+Singleton.m"; sourceTree = "<group>"; };
		E6E8B8C21A77F55700FDF235 /* PYInnerShadowLayer.h */ = {isa = PBXFileReference; fileEncoding = 4; lastKnownFileType = sourcecode.c.h; path = PYInnerShadowLayer.h; sourceTree = "<group>"; };
		E6E8B8C31A77F55700FDF235 /* PYInnerShadowLayer.m */ = {isa = PBXFileReference; fileEncoding = 4; lastKnownFileType = sourcecode.c.objc; path = PYInnerShadowLayer.m; sourceTree = "<group>"; };
		E6E8B8C41A77F55700FDF235 /* PYLayer.h */ = {isa = PBXFileReference; fileEncoding = 4; lastKnownFileType = sourcecode.c.h; path = PYLayer.h; sourceTree = "<group>"; };
		E6E8B8C51A77F55700FDF235 /* PYLayer.m */ = {isa = PBXFileReference; fileEncoding = 4; lastKnownFileType = sourcecode.c.objc; path = PYLayer.m; sourceTree = "<group>"; };
		E6E8B8C61A77F55700FDF235 /* PYResponderGestureRecognizer.h */ = {isa = PBXFileReference; fileEncoding = 4; lastKnownFileType = sourcecode.c.h; path = PYResponderGestureRecognizer.h; sourceTree = "<group>"; };
		E6E8B8C71A77F55700FDF235 /* PYResponderGestureRecognizer.m */ = {isa = PBXFileReference; fileEncoding = 4; lastKnownFileType = sourcecode.c.objc; path = PYResponderGestureRecognizer.m; sourceTree = "<group>"; };
		E6E8B8C81A77F55700FDF235 /* PYResponderView.h */ = {isa = PBXFileReference; fileEncoding = 4; lastKnownFileType = sourcecode.c.h; path = PYResponderView.h; sourceTree = "<group>"; };
		E6E8B8C91A77F55700FDF235 /* PYResponderView.m */ = {isa = PBXFileReference; fileEncoding = 4; lastKnownFileType = sourcecode.c.objc; path = PYResponderView.m; sourceTree = "<group>"; };
		E6E8B8CA1A77F55700FDF235 /* PYStaticLayer.h */ = {isa = PBXFileReference; fileEncoding = 4; lastKnownFileType = sourcecode.c.h; path = PYStaticLayer.h; sourceTree = "<group>"; };
		E6E8B8CB1A77F55700FDF235 /* PYStaticLayer.m */ = {isa = PBXFileReference; fileEncoding = 4; lastKnownFileType = sourcecode.c.objc; path = PYStaticLayer.m; sourceTree = "<group>"; };
		E6E8B8CC1A77F55700FDF235 /* PYView.h */ = {isa = PBXFileReference; fileEncoding = 4; lastKnownFileType = sourcecode.c.h; path = PYView.h; sourceTree = "<group>"; };
		E6E8B8CD1A77F55700FDF235 /* PYView.m */ = {isa = PBXFileReference; fileEncoding = 4; lastKnownFileType = sourcecode.c.objc; path = PYView.m; sourceTree = "<group>"; };
		E6E8B9371A78089E00FDF235 /* PYLabel.h */ = {isa = PBXFileReference; fileEncoding = 4; lastKnownFileType = sourcecode.c.h; path = PYLabel.h; sourceTree = "<group>"; };
		E6E8B9381A78089E00FDF235 /* PYLabel.m */ = {isa = PBXFileReference; fileEncoding = 4; lastKnownFileType = sourcecode.c.objc; path = PYLabel.m; sourceTree = "<group>"; };
		E6E8B9391A78089E00FDF235 /* PYLabelLayer.h */ = {isa = PBXFileReference; fileEncoding = 4; lastKnownFileType = sourcecode.c.h; path = PYLabelLayer.h; sourceTree = "<group>"; };
		E6E8B93A1A78089E00FDF235 /* PYLabelLayer.m */ = {isa = PBXFileReference; fileEncoding = 4; lastKnownFileType = sourcecode.c.objc; path = PYLabelLayer.m; sourceTree = "<group>"; };
		E6E8B9A61A78196200FDF235 /* PYButton.h */ = {isa = PBXFileReference; fileEncoding = 4; lastKnownFileType = sourcecode.c.h; path = PYButton.h; sourceTree = "<group>"; };
		E6E8B9A71A78196200FDF235 /* PYButton.m */ = {isa = PBXFileReference; fileEncoding = 4; lastKnownFileType = sourcecode.c.objc; path = PYButton.m; sourceTree = "<group>"; };
		F31B26296243D25A1D8957DA /* Pods-PYControllersTest.debug.xcconfig */ = {isa = PBXFileReference; includeInIndex = 1; lastKnownFileType = text.xcconfig; name = "Pods-PYControllersTest.debug.xcconfig"; path = "Pods/Target Support Files/Pods-PYControllersTest/Pods-PYControllersTest.debug.xcconfig"; sourceTree = "<group>"; };
/* End PBXFileReference section */

/* Begin PBXFrameworksBuildPhase section */
		E66A09791EB210920065E286 /* Frameworks */ = {
			isa = PBXFrameworksBuildPhase;
			buildActionMask = 2147483647;
			files = (
				E66A09811EB210920065E286 /* libPYControllers.a in Frameworks */,
				A8ABE9068AEEF6FB3C1C575C /* libPods-PYControllersTest.a in Frameworks */,
			);
			runOnlyForDeploymentPostprocessing = 0;
		};
		E6E8B8A01A77EE3F00FDF235 /* Frameworks */ = {
			isa = PBXFrameworksBuildPhase;
			buildActionMask = 2147483647;
			files = (
				9672170BB02933F078164871 /* libPods-PYControllers.a in Frameworks */,
			);
			runOnlyForDeploymentPostprocessing = 0;
		};
/* End PBXFrameworksBuildPhase section */

/* Begin PBXGroup section */
		3B07572BC4FFB377E9FEA26D /* Pods */ = {
			isa = PBXGroup;
			children = (
				4B2938B793E4CE1C64ACEBD0 /* Pods-PYControllers.debug.xcconfig */,
				282515C10C206B9CE3F15F7B /* Pods-PYControllers.release.xcconfig */,
				F31B26296243D25A1D8957DA /* Pods-PYControllersTest.debug.xcconfig */,
				C525B5302278D8FCEB10CDA5 /* Pods-PYControllersTest.release.xcconfig */,
			);
			name = Pods;
			sourceTree = "<group>";
		};
		5D599C7BA23B04CB3CFF8700 /* Frameworks */ = {
			isa = PBXGroup;
			children = (
				0E3F4DE899CC8D34CDB24C8E /* libPods-PYControllers.a */,
				734A17A8538AA118D7F35B4B /* libPods-PYControllersTest.a */,
			);
			name = Frameworks;
			sourceTree = "<group>";
		};
		E66A097D1EB210920065E286 /* PYControllersTest */ = {
			isa = PBXGroup;
			children = (
				E66A097E1EB210920065E286 /* PYControllersTest.m */,
				E66A09801EB210920065E286 /* Info.plist */,
			);
			path = PYControllersTest;
			sourceTree = "<group>";
		};
		E6E8B89A1A77EE3F00FDF235 = {
			isa = PBXGroup;
			children = (
				E6E8B8A51A77EE3F00FDF235 /* PYControllers */,
				E66A097D1EB210920065E286 /* PYControllersTest */,
				E6E8B8A41A77EE3F00FDF235 /* Products */,
				3B07572BC4FFB377E9FEA26D /* Pods */,
				5D599C7BA23B04CB3CFF8700 /* Frameworks */,
			);
			sourceTree = "<group>";
		};
		E6E8B8A41A77EE3F00FDF235 /* Products */ = {
			isa = PBXGroup;
			children = (
				E6E8B8A31A77EE3F00FDF235 /* libPYControllers.a */,
				E66A097C1EB210920065E286 /* PYControllersTest.xctest */,
			);
			name = Products;
			sourceTree = "<group>";
		};
		E6E8B8A51A77EE3F00FDF235 /* PYControllers */ = {
			isa = PBXGroup;
			children = (
				E6E8B9A61A78196200FDF235 /* PYButton.h */,
				E6E8B9A71A78196200FDF235 /* PYButton.m */,
				E6E8B9371A78089E00FDF235 /* PYLabel.h */,
				E6E8B9381A78089E00FDF235 /* PYLabel.m */,
				E6E8B9391A78089E00FDF235 /* PYLabelLayer.h */,
				E6E8B93A1A78089E00FDF235 /* PYLabelLayer.m */,
				E6E8B8BD1A77F55700FDF235 /* PYControllers.h */,
				E6E8B8BE1A77F55700FDF235 /* PYHUDView.h */,
				E6E8B8BF1A77F55700FDF235 /* PYHUDView.m */,
				E6E8B8C01A77F55700FDF235 /* PYHUDView+Singleton.h */,
				E6E8B8C11A77F55700FDF235 /* PYHUDView+Singleton.m */,
				E6E8B8C21A77F55700FDF235 /* PYInnerShadowLayer.h */,
				E6E8B8C31A77F55700FDF235 /* PYInnerShadowLayer.m */,
				E6E8B8C41A77F55700FDF235 /* PYLayer.h */,
				E6E8B8C51A77F55700FDF235 /* PYLayer.m */,
				E6E8B8C61A77F55700FDF235 /* PYResponderGestureRecognizer.h */,
				E6E8B8C71A77F55700FDF235 /* PYResponderGestureRecognizer.m */,
				E6E8B8C81A77F55700FDF235 /* PYResponderView.h */,
				E6E8B8C91A77F55700FDF235 /* PYResponderView.m */,
				E6E8B8CA1A77F55700FDF235 /* PYStaticLayer.h */,
				E6E8B8CB1A77F55700FDF235 /* PYStaticLayer.m */,
				E6E8B8CC1A77F55700FDF235 /* PYView.h */,
				E6E8B8CD1A77F55700FDF235 /* PYView.m */,
			);
			path = PYControllers;
			sourceTree = "<group>";
		};
/* End PBXGroup section */

/* Begin PBXNativeTarget section */
		E66A097B1EB210920065E286 /* PYControllersTest */ = {
			isa = PBXNativeTarget;
			buildConfigurationList = E66A09861EB210920065E286 /* Build configuration list for PBXNativeTarget "PYControllersTest" */;
			buildPhases = (
				DA417C70A0403E7F9694743A /* [CP] Check Pods Manifest.lock */,
				E66A09781EB210920065E286 /* Sources */,
				E66A09791EB210920065E286 /* Frameworks */,
				E66A097A1EB210920065E286 /* Resources */,
				5FDE691F53EA3B10C8E540EA /* [CP] Embed Pods Frameworks */,
				BFC410A83C31F30D4FC3A9D3 /* [CP] Copy Pods Resources */,
			);
			buildRules = (
			);
			dependencies = (
				E66A09831EB210920065E286 /* PBXTargetDependency */,
			);
			name = PYControllersTest;
			productName = PYControllersTest;
			productReference = E66A097C1EB210920065E286 /* PYControllersTest.xctest */;
			productType = "com.apple.product-type.bundle.unit-test";
		};
		E6E8B8A21A77EE3F00FDF235 /* PYControllers */ = {
			isa = PBXNativeTarget;
			buildConfigurationList = E6E8B8B71A77EE3F00FDF235 /* Build configuration list for PBXNativeTarget "PYControllers" */;
			buildPhases = (
				C83750469179CDD573BDA208 /* [CP] Check Pods Manifest.lock */,
				E6E8B89F1A77EE3F00FDF235 /* Sources */,
				E6E8B8A01A77EE3F00FDF235 /* Frameworks */,
				E6E8B8A11A77EE3F00FDF235 /* CopyFiles */,
				E7A91A17EA8A781693CA7EEB /* [CP] Copy Pods Resources */,
			);
			buildRules = (
			);
			dependencies = (
			);
			name = PYControllers;
			productName = PYControllers;
			productReference = E6E8B8A31A77EE3F00FDF235 /* libPYControllers.a */;
			productType = "com.apple.product-type.library.static";
		};
/* End PBXNativeTarget section */

/* Begin PBXProject section */
		E6E8B89B1A77EE3F00FDF235 /* Project object */ = {
			isa = PBXProject;
			attributes = {
				LastUpgradeCheck = 1010;
				ORGANIZATIONNAME = "Push Lab";
				TargetAttributes = {
					E66A097B1EB210920065E286 = {
						CreatedOnToolsVersion = 8.3.1;
						DevelopmentTeam = VT7263HWQT;
						ProvisioningStyle = Automatic;
					};
					E6E8B8A21A77EE3F00FDF235 = {
						CreatedOnToolsVersion = 6.1.1;
					};
				};
			};
			buildConfigurationList = E6E8B89E1A77EE3F00FDF235 /* Build configuration list for PBXProject "PYControllers" */;
			compatibilityVersion = "Xcode 3.2";
			developmentRegion = English;
			hasScannedForEncodings = 0;
			knownRegions = (
				en,
			);
			mainGroup = E6E8B89A1A77EE3F00FDF235;
			productRefGroup = E6E8B8A41A77EE3F00FDF235 /* Products */;
			projectDirPath = "";
			projectRoot = "";
			targets = (
				E6E8B8A21A77EE3F00FDF235 /* PYControllers */,
				E66A097B1EB210920065E286 /* PYControllersTest */,
			);
		};
/* End PBXProject section */

/* Begin PBXResourcesBuildPhase section */
		E66A097A1EB210920065E286 /* Resources */ = {
			isa = PBXResourcesBuildPhase;
			buildActionMask = 2147483647;
			files = (
			);
			runOnlyForDeploymentPostprocessing = 0;
		};
/* End PBXResourcesBuildPhase section */

/* Begin PBXShellScriptBuildPhase section */
		5FDE691F53EA3B10C8E540EA /* [CP] Embed Pods Frameworks */ = {
			isa = PBXShellScriptBuildPhase;
			buildActionMask = 2147483647;
			files = (
			);
			inputPaths = (
			);
			name = "[CP] Embed Pods Frameworks";
			outputPaths = (
			);
			runOnlyForDeploymentPostprocessing = 0;
			shellPath = /bin/sh;
			shellScript = "\"${SRCROOT}/Pods/Target Support Files/Pods-PYControllersTest/Pods-PYControllersTest-frameworks.sh\"\n";
			showEnvVarsInLog = 0;
		};
		BFC410A83C31F30D4FC3A9D3 /* [CP] Copy Pods Resources */ = {
			isa = PBXShellScriptBuildPhase;
			buildActionMask = 2147483647;
			files = (
			);
			inputPaths = (
			);
			name = "[CP] Copy Pods Resources";
			outputPaths = (
			);
			runOnlyForDeploymentPostprocessing = 0;
			shellPath = /bin/sh;
			shellScript = "\"${SRCROOT}/Pods/Target Support Files/Pods-PYControllersTest/Pods-PYControllersTest-resources.sh\"\n";
			showEnvVarsInLog = 0;
		};
		C83750469179CDD573BDA208 /* [CP] Check Pods Manifest.lock */ = {
			isa = PBXShellScriptBuildPhase;
			buildActionMask = 2147483647;
			files = (
			);
			inputPaths = (
			);
			name = "[CP] Check Pods Manifest.lock";
			outputPaths = (
			);
			runOnlyForDeploymentPostprocessing = 0;
			shellPath = /bin/sh;
			shellScript = "diff \"${PODS_PODFILE_DIR_PATH}/Podfile.lock\" \"${PODS_ROOT}/Manifest.lock\" > /dev/null\nif [ $? != 0 ] ; then\n    # print error to STDERR\n    echo \"error: The sandbox is not in sync with the Podfile.lock. Run 'pod install' or update your CocoaPods installation.\" >&2\n    exit 1\nfi\n";
			showEnvVarsInLog = 0;
		};
		DA417C70A0403E7F9694743A /* [CP] Check Pods Manifest.lock */ = {
			isa = PBXShellScriptBuildPhase;
			buildActionMask = 2147483647;
			files = (
			);
			inputPaths = (
			);
			name = "[CP] Check Pods Manifest.lock";
			outputPaths = (
			);
			runOnlyForDeploymentPostprocessing = 0;
			shellPath = /bin/sh;
			shellScript = "diff \"${PODS_PODFILE_DIR_PATH}/Podfile.lock\" \"${PODS_ROOT}/Manifest.lock\" > /dev/null\nif [ $? != 0 ] ; then\n    # print error to STDERR\n    echo \"error: The sandbox is not in sync with the Podfile.lock. Run 'pod install' or update your CocoaPods installation.\" >&2\n    exit 1\nfi\n";
			showEnvVarsInLog = 0;
		};
		E7A91A17EA8A781693CA7EEB /* [CP] Copy Pods Resources */ = {
			isa = PBXShellScriptBuildPhase;
			buildActionMask = 2147483647;
			files = (
			);
			inputPaths = (
			);
			name = "[CP] Copy Pods Resources";
			outputPaths = (
			);
			runOnlyForDeploymentPostprocessing = 0;
			shellPath = /bin/sh;
			shellScript = "\"${SRCROOT}/Pods/Target Support Files/Pods-PYControllers/Pods-PYControllers-resources.sh\"\n";
			showEnvVarsInLog = 0;
		};
/* End PBXShellScriptBuildPhase section */

/* Begin PBXSourcesBuildPhase section */
		E66A09781EB210920065E286 /* Sources */ = {
			isa = PBXSourcesBuildPhase;
			buildActionMask = 2147483647;
			files = (
				E66A097F1EB210920065E286 /* PYControllersTest.m in Sources */,
			);
			runOnlyForDeploymentPostprocessing = 0;
		};
		E6E8B89F1A77EE3F00FDF235 /* Sources */ = {
			isa = PBXSourcesBuildPhase;
			buildActionMask = 2147483647;
			files = (
				E6E8B8D31A77F55700FDF235 /* PYResponderView.m in Sources */,
				E6E8B9A81A78196200FDF235 /* PYButton.m in Sources */,
				E6E8B8D01A77F55700FDF235 /* PYInnerShadowLayer.m in Sources */,
				E6E8B8CE1A77F55700FDF235 /* PYHUDView.m in Sources */,
				E6E8B93B1A78089E00FDF235 /* PYLabel.m in Sources */,
				E6E8B8D11A77F55700FDF235 /* PYLayer.m in Sources */,
				E6E8B8D21A77F55700FDF235 /* PYResponderGestureRecognizer.m in Sources */,
				E6E8B8D41A77F55700FDF235 /* PYStaticLayer.m in Sources */,
				E6E8B93C1A78089E00FDF235 /* PYLabelLayer.m in Sources */,
				E6E8B8CF1A77F55700FDF235 /* PYHUDView+Singleton.m in Sources */,
				E6E8B8D51A77F55700FDF235 /* PYView.m in Sources */,
			);
			runOnlyForDeploymentPostprocessing = 0;
		};
/* End PBXSourcesBuildPhase section */

/* Begin PBXTargetDependency section */
		E66A09831EB210920065E286 /* PBXTargetDependency */ = {
			isa = PBXTargetDependency;
			target = E6E8B8A21A77EE3F00FDF235 /* PYControllers */;
			targetProxy = E66A09821EB210920065E286 /* PBXContainerItemProxy */;
		};
/* End PBXTargetDependency section */

/* Begin XCBuildConfiguration section */
		E66A09841EB210920065E286 /* Debug */ = {
			isa = XCBuildConfiguration;
			baseConfigurationReference = F31B26296243D25A1D8957DA /* Pods-PYControllersTest.debug.xcconfig */;
			buildSettings = {
				CLANG_ANALYZER_NONNULL = YES;
				CLANG_ANALYZER_NUMBER_OBJECT_CONVERSION = YES_AGGRESSIVE;
				CLANG_WARN_DOCUMENTATION_COMMENTS = YES;
				CLANG_WARN_INFINITE_RECURSION = YES;
				CLANG_WARN_SUSPICIOUS_MOVE = YES;
				"CODE_SIGN_IDENTITY[sdk=iphoneos*]" = "iPhone Developer";
				DEBUG_INFORMATION_FORMAT = dwarf;
				DEVELOPMENT_TEAM = VT7263HWQT;
				ENABLE_TESTABILITY = YES;
				GCC_NO_COMMON_BLOCKS = YES;
				INFOPLIST_FILE = PYControllersTest/Info.plist;
				IPHONEOS_DEPLOYMENT_TARGET = 10.3;
				LD_RUNPATH_SEARCH_PATHS = "$(inherited) @executable_path/Frameworks @loader_path/Frameworks";
				PRODUCT_BUNDLE_IDENTIFIER = com.pushlab.PYControllersTest;
				PRODUCT_NAME = "$(TARGET_NAME)";
			};
			name = Debug;
		};
		E66A09851EB210920065E286 /* Release */ = {
			isa = XCBuildConfiguration;
			baseConfigurationReference = C525B5302278D8FCEB10CDA5 /* Pods-PYControllersTest.release.xcconfig */;
			buildSettings = {
				CLANG_ANALYZER_NONNULL = YES;
				CLANG_ANALYZER_NUMBER_OBJECT_CONVERSION = YES_AGGRESSIVE;
				CLANG_WARN_DOCUMENTATION_COMMENTS = YES;
				CLANG_WARN_INFINITE_RECURSION = YES;
				CLANG_WARN_SUSPICIOUS_MOVE = YES;
				"CODE_SIGN_IDENTITY[sdk=iphoneos*]" = "iPhone Developer";
				COPY_PHASE_STRIP = NO;
				DEBUG_INFORMATION_FORMAT = "dwarf-with-dsym";
				DEVELOPMENT_TEAM = VT7263HWQT;
				GCC_NO_COMMON_BLOCKS = YES;
				INFOPLIST_FILE = PYControllersTest/Info.plist;
				IPHONEOS_DEPLOYMENT_TARGET = 10.3;
				LD_RUNPATH_SEARCH_PATHS = "$(inherited) @executable_path/Frameworks @loader_path/Frameworks";
				PRODUCT_BUNDLE_IDENTIFIER = com.pushlab.PYControllersTest;
				PRODUCT_NAME = "$(TARGET_NAME)";
			};
			name = Release;
		};
		E6E8B8B51A77EE3F00FDF235 /* Debug */ = {
			isa = XCBuildConfiguration;
			buildSettings = {
				ALWAYS_SEARCH_USER_PATHS = NO;
				CLANG_CXX_LANGUAGE_STANDARD = "gnu++0x";
				CLANG_CXX_LIBRARY = "libc++";
				CLANG_ENABLE_MODULES = YES;
				CLANG_ENABLE_OBJC_ARC = YES;
				CLANG_WARN_BLOCK_CAPTURE_AUTORELEASING = YES;
				CLANG_WARN_BOOL_CONVERSION = YES;
				CLANG_WARN_COMMA = YES;
				CLANG_WARN_CONSTANT_CONVERSION = YES;
				CLANG_WARN_DEPRECATED_OBJC_IMPLEMENTATIONS = YES;
				CLANG_WARN_DIRECT_OBJC_ISA_USAGE = YES_ERROR;
				CLANG_WARN_EMPTY_BODY = YES;
				CLANG_WARN_ENUM_CONVERSION = YES;
				CLANG_WARN_INFINITE_RECURSION = YES;
				CLANG_WARN_INT_CONVERSION = YES;
				CLANG_WARN_NON_LITERAL_NULL_CONVERSION = YES;
				CLANG_WARN_OBJC_IMPLICIT_RETAIN_SELF = YES;
				CLANG_WARN_OBJC_LITERAL_CONVERSION = YES;
				CLANG_WARN_OBJC_ROOT_CLASS = YES_ERROR;
				CLANG_WARN_RANGE_LOOP_ANALYSIS = YES;
				CLANG_WARN_STRICT_PROTOTYPES = YES;
				CLANG_WARN_SUSPICIOUS_MOVE = YES;
				CLANG_WARN_UNREACHABLE_CODE = YES;
				CLANG_WARN__DUPLICATE_METHOD_MATCH = YES;
				COPY_PHASE_STRIP = NO;
				ENABLE_STRICT_OBJC_MSGSEND = YES;
				ENABLE_TESTABILITY = YES;
				GCC_C_LANGUAGE_STANDARD = gnu99;
				GCC_DYNAMIC_NO_PIC = NO;
				GCC_NO_COMMON_BLOCKS = YES;
				GCC_OPTIMIZATION_LEVEL = 0;
				GCC_PREPROCESSOR_DEFINITIONS = (
					"DEBUG=1",
					"$(inherited)",
				);
				GCC_SYMBOLS_PRIVATE_EXTERN = NO;
				GCC_WARN_64_TO_32_BIT_CONVERSION = YES;
				GCC_WARN_ABOUT_RETURN_TYPE = YES_ERROR;
				GCC_WARN_UNDECLARED_SELECTOR = YES;
				GCC_WARN_UNINITIALIZED_AUTOS = YES_AGGRESSIVE;
				GCC_WARN_UNUSED_FUNCTION = YES;
				GCC_WARN_UNUSED_VARIABLE = YES;
				IPHONEOS_DEPLOYMENT_TARGET = 8.0;
				MTL_ENABLE_DEBUG_INFO = YES;
				ONLY_ACTIVE_ARCH = YES;
				SDKROOT = iphoneos;
			};
			name = Debug;
		};
		E6E8B8B61A77EE3F00FDF235 /* Release */ = {
			isa = XCBuildConfiguration;
			buildSettings = {
				ALWAYS_SEARCH_USER_PATHS = NO;
				CLANG_CXX_LANGUAGE_STANDARD = "gnu++0x";
				CLANG_CXX_LIBRARY = "libc++";
				CLANG_ENABLE_MODULES = YES;
				CLANG_ENABLE_OBJC_ARC = YES;
				CLANG_WARN_BLOCK_CAPTURE_AUTORELEASING = YES;
				CLANG_WARN_BOOL_CONVERSION = YES;
				CLANG_WARN_COMMA = YES;
				CLANG_WARN_CONSTANT_CONVERSION = YES;
				CLANG_WARN_DEPRECATED_OBJC_IMPLEMENTATIONS = YES;
				CLANG_WARN_DIRECT_OBJC_ISA_USAGE = YES_ERROR;
				CLANG_WARN_EMPTY_BODY = YES;
				CLANG_WARN_ENUM_CONVERSION = YES;
				CLANG_WARN_INFINITE_RECURSION = YES;
				CLANG_WARN_INT_CONVERSION = YES;
				CLANG_WARN_NON_LITERAL_NULL_CONVERSION = YES;
				CLANG_WARN_OBJC_IMPLICIT_RETAIN_SELF = YES;
				CLANG_WARN_OBJC_LITERAL_CONVERSION = YES;
				CLANG_WARN_OBJC_ROOT_CLASS = YES_ERROR;
				CLANG_WARN_RANGE_LOOP_ANALYSIS = YES;
				CLANG_WARN_STRICT_PROTOTYPES = YES;
				CLANG_WARN_SUSPICIOUS_MOVE = YES;
				CLANG_WARN_UNREACHABLE_CODE = YES;
				CLANG_WARN__DUPLICATE_METHOD_MATCH = YES;
				COPY_PHASE_STRIP = YES;
				ENABLE_NS_ASSERTIONS = NO;
				ENABLE_STRICT_OBJC_MSGSEND = YES;
				GCC_C_LANGUAGE_STANDARD = gnu99;
				GCC_NO_COMMON_BLOCKS = YES;
				GCC_WARN_64_TO_32_BIT_CONVERSION = YES;
				GCC_WARN_ABOUT_RETURN_TYPE = YES_ERROR;
				GCC_WARN_UNDECLARED_SELECTOR = YES;
				GCC_WARN_UNINITIALIZED_AUTOS = YES_AGGRESSIVE;
				GCC_WARN_UNUSED_FUNCTION = YES;
				GCC_WARN_UNUSED_VARIABLE = YES;
				IPHONEOS_DEPLOYMENT_TARGET = 8.0;
				MTL_ENABLE_DEBUG_INFO = NO;
				SDKROOT = iphoneos;
				VALIDATE_PRODUCT = YES;
			};
			name = Release;
		};
		E6E8B8B81A77EE3F00FDF235 /* Debug */ = {
			isa = XCBuildConfiguration;
			baseConfigurationReference = 4B2938B793E4CE1C64ACEBD0 /* Pods-PYControllers.debug.xcconfig */;
			buildSettings = {
				OTHER_LDFLAGS = "$(inherited)";
				PRODUCT_NAME = "$(TARGET_NAME)";
				SKIP_INSTALL = YES;
			};
			name = Debug;
		};
		E6E8B8B91A77EE3F00FDF235 /* Release */ = {
			isa = XCBuildConfiguration;
			baseConfigurationReference = 282515C10C206B9CE3F15F7B /* Pods-PYControllers.release.xcconfig */;
			buildSettings = {
				OTHER_LDFLAGS = "$(inherited)";
				PRODUCT_NAME = "$(TARGET_NAME)";
				SKIP_INSTALL = YES;
			};
			name = Release;
		};
/* End XCBuildConfiguration section */

/* Begin XCConfigurationList section */
		E66A09861EB210920065E286 /* Build configuration list for PBXNativeTarget "PYControllersTest" */ = {
			isa = XCConfigurationList;
			buildConfigurations = (
				E66A09841EB210920065E286 /* Debug */,
				E66A09851EB210920065E286 /* Release */,
			);
			defaultConfigurationIsVisible = 0;
			defaultConfigurationName = Release;
		};
		E6E8B89E1A77EE3F00FDF235 /* Build configuration list for PBXProject "PYControllers" */ = {
			isa = XCConfigurationList;
			buildConfigurations = (
				E6E8B8B51A77EE3F00FDF235 /* Debug */,
				E6E8B8B61A77EE3F00FDF235 /* Release */,
			);
			defaultConfigurationIsVisible = 0;
			defaultConfigurationName = Release;
		};
		E6E8B8B71A77EE3F00FDF235 /* Build configuration list for PBXNativeTarget "PYControllers" */ = {
			isa = XCConfigurationList;
			buildConfigurations = (
				E6E8B8B81A77EE3F00FDF235 /* Debug */,
				E6E8B8B91A77EE3F00FDF235 /* Release */,
			);
			defaultConfigurationIsVisible = 0;
			defaultConfigurationName = Release;
		};
/* End XCConfigurationList section */
	};
	rootObject = E6E8B89B1A77EE3F00FDF235 /* Project object */;
}
